
Microsoft Visual Studio Solution File, Format Version 12.00
# Visual Studio Version 17
VisualStudioVersion = 17.14.36717.8 d17.14
MinimumVisualStudioVersion = 10.0.40219.1
Project("{FAE04EC0-301F-11D3-BF4B-00C04F79EFBC}") = "OrderFlow.Console", "OrderFlow.Console\OrderFlow.Console.csproj", "{5F8FE5F5-5D14-4F30-9B9F-512279D60992}"
EndProject
Global
	GlobalSection(SolutionConfigurationPlatforms) = preSolution
		Debug|Any CPU = Debug|Any CPU
		Release|Any CPU = Release|Any CPU
	EndGlobalSection
	GlobalSection(ProjectConfigurationPlatforms) = postSolution
		{5F8FE5F5-5D14-4F30-9B9F-512279D60992}.Debug|Any CPU.ActiveCfg = Debug|Any CPU
		{5F8FE5F5-5D14-4F30-9B9F-512279D60992}.Debug|Any CPU.Build.0 = Debug|Any CPU
		{5F8FE5F5-5D14-4F30-9B9F-512279D60992}.Release|Any CPU.ActiveCfg = Release|Any CPU
		{5F8FE5F5-5D14-4F30-9B9F-512279D60992}.Release|Any CPU.Build.0 = Release|Any CPU
	EndGlobalSection
	GlobalSection(SolutionProperties) = preSolution
		HideSolutionNode = FALSE
	EndGlobalSection
	GlobalSection(ExtensibilityGlobals) = postSolution
		SolutionGuid = {C872FF25-8407-412F-855A-0ADE92F0AB06}
	EndGlobalSection
EndGlobal
